
Microsoft Visual Studio Solution File, Format Version 12.00
# Visual Studio Version 17
VisualStudioVersion = 17.5.33414.496
MinimumVisualStudioVersion = 10.0.40219.1
Project("{8BC9CEB8-8B4A-11D0-8D11-00A0C91BC942}") = "TileMapRendererExperiments", "TileMapRendererExperiments\TileMapRendererExperiments.vcxproj", "{EA3A8673-C451-4D2B-9766-C314748BE47D}"
EndProject
Project("{8BC9CEB8-8B4A-11D0-8D11-00A0C91BC942}") = "Engine", "Engine\Engine.vcxproj", "{D068A1F8-F956-44CB-8792-E8DE06C8683D}"
EndProject
Global
	GlobalSection(SolutionConfigurationPlatforms) = preSolution
		Debug|x64 = Debug|x64
		Debug|x86 = Debug|x86
		Release|x64 = Release|x64
		Release|x86 = Release|x86
	EndGlobalSection
	GlobalSection(ProjectConfigurationPlatforms) = postSolution
		{EA3A8673-C451-4D2B-9766-C314748BE47D}.Debug|x64.ActiveCfg = Debug|x64
		{EA3A8673-C451-4D2B-9766-C314748BE47D}.Debug|x64.Build.0 = Debug|x64
		{EA3A8673-C451-4D2B-9766-C314748BE47D}.Debug|x86.ActiveCfg = Debug|Win32
		{EA3A8673-C451-4D2B-9766-C314748BE47D}.Debug|x86.Build.0 = Debug|Win32
		{EA3A8673-C451-4D2B-9766-C314748BE47D}.Release|x64.ActiveCfg = Release|x64
		{EA3A8673-C451-4D2B-9766-C314748BE47D}.Release|x64.Build.0 = Release|x64
		{EA3A8673-C451-4D2B-9766-C314748BE47D}.Release|x86.ActiveCfg = Release|Win32
		{EA3A8673-C451-4D2B-9766-C314748BE47D}.Release|x86.Build.0 = Release|Win32
		{D068A1F8-F956-44CB-8792-E8DE06C8683D}.Debug|x64.ActiveCfg = Debug|x64
		{D068A1F8-F956-44CB-8792-E8DE06C8683D}.Debug|x64.Build.0 = Debug|x64
		{D068A1F8-F956-44CB-8792-E8DE06C8683D}.Debug|x86.ActiveCfg = Debug|Win32
		{D068A1F8-F956-44CB-8792-E8DE06C8683D}.Debug|x86.Build.0 = Debug|Win32
		{D068A1F8-F956-44CB-8792-E8DE06C8683D}.Release|x64.ActiveCfg = Release|x64
		{D068A1F8-F956-44CB-8792-E8DE06C8683D}.Release|x64.Build.0 = Release|x64
		{D068A1F8-F956-44CB-8792-E8DE06C8683D}.Release|x86.ActiveCfg = Release|Win32
		{D068A1F8-F956-44CB-8792-E8DE06C8683D}.Release|x86.Build.0 = Release|Win32
	EndGlobalSection
	GlobalSection(SolutionProperties) = preSolution
		HideSolutionNode = FALSE
	EndGlobalSection
	GlobalSection(ExtensibilityGlobals) = postSolution
		SolutionGuid = {9897137C-357C-4291-B18C-539A2B863454}
	EndGlobalSection
EndGlobal
